
Microsoft Visual Studio Solution File, Format Version 12.00
# Visual Studio Version 16
VisualStudioVersion = 16.0.29519.181
MinimumVisualStudioVersion = 10.0.40219.1
Project("{FAE04EC0-301F-11D3-BF4B-00C04F79EFBC}") = "GrabAPI", "GrabAPI\GrabAPI.csproj", "{F34A2199-84A1-47D5-9C13-9ABD117F02AB}"
EndProject
Global
	GlobalSection(SolutionConfigurationPlatforms) = preSolution
		Debug|Any CPU = Debug|Any CPU
		Release|Any CPU = Release|Any CPU
	EndGlobalSection
	GlobalSection(ProjectConfigurationPlatforms) = postSolution
		{F34A2199-84A1-47D5-9C13-9ABD117F02AB}.Debug|Any CPU.ActiveCfg = Debug|Any CPU
		{F34A2199-84A1-47D5-9C13-9ABD117F02AB}.Debug|Any CPU.Build.0 = Debug|Any CPU
		{F34A2199-84A1-47D5-9C13-9ABD117F02AB}.Release|Any CPU.ActiveCfg = Release|Any CPU
		{F34A2199-84A1-47D5-9C13-9ABD117F02AB}.Release|Any CPU.Build.0 = Release|Any CPU
	EndGlobalSection
	GlobalSection(SolutionProperties) = preSolution
		HideSolutionNode = FALSE
	EndGlobalSection
	GlobalSection(ExtensibilityGlobals) = postSolution
		SolutionGuid = {60E0AAB4-8FDC-4FBD-A7B4-1A38372F0F13}
	EndGlobalSection
EndGlobal
